// !$*UTF8*$!
{
	archiveVersion = 1;
	classes = {
	};
	objectVersion = 56;
	objects = {

/* Begin PBXBuildFile section */
		B000725329645BEF009A06E4 /* AppDelegate.swift in Sources */ = {isa = PBXBuildFile; fileRef = B000725229645BEF009A06E4 /* AppDelegate.swift */; };
		B000725529645BEF009A06E4 /* SceneDelegate.swift in Sources */ = {isa = PBXBuildFile; fileRef = B000725429645BEF009A06E4 /* SceneDelegate.swift */; };
		B000725A29645BEF009A06E4 /* Main.storyboard in Resources */ = {isa = PBXBuildFile; fileRef = B000725829645BEF009A06E4 /* Main.storyboard */; };
		B000725C29645BEF009A06E4 /* Assets.xcassets in Resources */ = {isa = PBXBuildFile; fileRef = B000725B29645BEF009A06E4 /* Assets.xcassets */; };
		B000725F29645BEF009A06E4 /* LaunchScreen.storyboard in Resources */ = {isa = PBXBuildFile; fileRef = B000725D29645BEF009A06E4 /* LaunchScreen.storyboard */; };
		B000726A29645BEF009A06E4 /* CollectionViewTests.swift in Sources */ = {isa = PBXBuildFile; fileRef = B000726929645BEF009A06E4 /* CollectionViewTests.swift */; };
		B000727429645BEF009A06E4 /* CollectionViewUITests.swift in Sources */ = {isa = PBXBuildFile; fileRef = B000727329645BEF009A06E4 /* CollectionViewUITests.swift */; };
		B000727629645BEF009A06E4 /* CollectionViewUITestsLaunchTests.swift in Sources */ = {isa = PBXBuildFile; fileRef = B000727529645BEF009A06E4 /* CollectionViewUITestsLaunchTests.swift */; };
		B000728329645DE6009A06E4 /* CategoryViewController.swift in Sources */ = {isa = PBXBuildFile; fileRef = B000728229645DE6009A06E4 /* CategoryViewController.swift */; };
		B000728629646128009A06E4 /* ToyCollectionViewCell.swift in Sources */ = {isa = PBXBuildFile; fileRef = B000728429646128009A06E4 /* ToyCollectionViewCell.swift */; };
		B000728729646128009A06E4 /* ToyCollectionViewCell.xib in Resources */ = {isa = PBXBuildFile; fileRef = B000728529646128009A06E4 /* ToyCollectionViewCell.xib */; };
		B000728A29646E3F009A06E4 /* FoodItemCollectionViewCell.swift in Sources */ = {isa = PBXBuildFile; fileRef = B000728829646E3F009A06E4 /* FoodItemCollectionViewCell.swift */; };
		B000728B29646E3F009A06E4 /* FoodItemCollectionViewCell.xib in Resources */ = {isa = PBXBuildFile; fileRef = B000728929646E3F009A06E4 /* FoodItemCollectionViewCell.xib */; };
/* End PBXBuildFile section */

/* Begin PBXContainerItemProxy section */
		B000726629645BEF009A06E4 /* PBXContainerItemProxy */ = {
			isa = PBXContainerItemProxy;
			containerPortal = B000724729645BEF009A06E4 /* Project object */;
			proxyType = 1;
			remoteGlobalIDString = B000724E29645BEF009A06E4;
			remoteInfo = CollectionView;
		};
		B000727029645BEF009A06E4 /* PBXContainerItemProxy */ = {
			isa = PBXContainerItemProxy;
			containerPortal = B000724729645BEF009A06E4 /* Project object */;
			proxyType = 1;
			remoteGlobalIDString = B000724E29645BEF009A06E4;
			remoteInfo = CollectionView;
		};
/* End PBXContainerItemProxy section */

/* Begin PBXFileReference section */
		B000724F29645BEF009A06E4 /* CollectionView.app */ = {isa = PBXFileReference; explicitFileType = wrapper.application; includeInIndex = 0; path = CollectionView.app; sourceTree = BUILT_PRODUCTS_DIR; };
		B000725229645BEF009A06E4 /* AppDelegate.swift */ = {isa = PBXFileReference; lastKnownFileType = sourcecode.swift; path = AppDelegate.swift; sourceTree = "<group>"; };
		B000725429645BEF009A06E4 /* SceneDelegate.swift */ = {isa = PBXFileReference; lastKnownFileType = sourcecode.swift; path = SceneDelegate.swift; sourceTree = "<group>"; };
		B000725929645BEF009A06E4 /* Base */ = {isa = PBXFileReference; lastKnownFileType = file.storyboard; name = Base; path = Base.lproj/Main.storyboard; sourceTree = "<group>"; };
		B000725B29645BEF009A06E4 /* Assets.xcassets */ = {isa = PBXFileReference; lastKnownFileType = folder.assetcatalog; path = Assets.xcassets; sourceTree = "<group>"; };
		B000725E29645BEF009A06E4 /* Base */ = {isa = PBXFileReference; lastKnownFileType = file.storyboard; name = Base; path = Base.lproj/LaunchScreen.storyboard; sourceTree = "<group>"; };
		B000726029645BEF009A06E4 /* Info.plist */ = {isa = PBXFileReference; lastKnownFileType = text.plist.xml; path = Info.plist; sourceTree = "<group>"; };
		B000726529645BEF009A06E4 /* CollectionViewTests.xctest */ = {isa = PBXFileReference; explicitFileType = wrapper.cfbundle; includeInIndex = 0; path = CollectionViewTests.xctest; sourceTree = BUILT_PRODUCTS_DIR; };
		B000726929645BEF009A06E4 /* CollectionViewTests.swift */ = {isa = PBXFileReference; lastKnownFileType = sourcecode.swift; path = CollectionViewTests.swift; sourceTree = "<group>"; };
		B000726F29645BEF009A06E4 /* CollectionViewUITests.xctest */ = {isa = PBXFileReference; explicitFileType = wrapper.cfbundle; includeInIndex = 0; path = CollectionViewUITests.xctest; sourceTree = BUILT_PRODUCTS_DIR; };
		B000727329645BEF009A06E4 /* CollectionViewUITests.swift */ = {isa = PBXFileReference; lastKnownFileType = sourcecode.swift; path = CollectionViewUITests.swift; sourceTree = "<group>"; };
		B000727529645BEF009A06E4 /* CollectionViewUITestsLaunchTests.swift */ = {isa = PBXFileReference; lastKnownFileType = sourcecode.swift; path = CollectionViewUITestsLaunchTests.swift; sourceTree = "<group>"; };
		B000728229645DE6009A06E4 /* CategoryViewController.swift */ = {isa = PBXFileReference; lastKnownFileType = sourcecode.swift; path = CategoryViewController.swift; sourceTree = "<group>"; };
		B000728429646128009A06E4 /* ToyCollectionViewCell.swift */ = {isa = PBXFileReference; lastKnownFileType = sourcecode.swift; path = ToyCollectionViewCell.swift; sourceTree = "<group>"; };
		B000728529646128009A06E4 /* ToyCollectionViewCell.xib */ = {isa = PBXFileReference; lastKnownFileType = file.xib; path = ToyCollectionViewCell.xib; sourceTree = "<group>"; };
		B000728829646E3F009A06E4 /* FoodItemCollectionViewCell.swift */ = {isa = PBXFileReference; lastKnownFileType = sourcecode.swift; path = FoodItemCollectionViewCell.swift; sourceTree = "<group>"; };
		B000728929646E3F009A06E4 /* FoodItemCollectionViewCell.xib */ = {isa = PBXFileReference; lastKnownFileType = file.xib; path = FoodItemCollectionViewCell.xib; sourceTree = "<group>"; };
/* End PBXFileReference section */

/* Begin PBXFrameworksBuildPhase section */
		B000724C29645BEF009A06E4 /* Frameworks */ = {
			isa = PBXFrameworksBuildPhase;
			buildActionMask = 2147483647;
			files = (
			);
			runOnlyForDeploymentPostprocessing = 0;
		};
		B000726229645BEF009A06E4 /* Frameworks */ = {
			isa = PBXFrameworksBuildPhase;
			buildActionMask = 2147483647;
			files = (
			);
			runOnlyForDeploymentPostprocessing = 0;
		};
		B000726C29645BEF009A06E4 /* Frameworks */ = {
			isa = PBXFrameworksBuildPhase;
			buildActionMask = 2147483647;
			files = (
			);
			runOnlyForDeploymentPostprocessing = 0;
		};
/* End PBXFrameworksBuildPhase section */

/* Begin PBXGroup section */
		B000724629645BEF009A06E4 = {
			isa = PBXGroup;
			children = (
				B000725129645BEF009A06E4 /* CollectionView */,
				B000726829645BEF009A06E4 /* CollectionViewTests */,
				B000727229645BEF009A06E4 /* CollectionViewUITests */,
				B000725029645BEF009A06E4 /* Products */,
			);
			sourceTree = "<group>";
		};
		B000725029645BEF009A06E4 /* Products */ = {
			isa = PBXGroup;
			children = (
				B000724F29645BEF009A06E4 /* CollectionView.app */,
				B000726529645BEF009A06E4 /* CollectionViewTests.xctest */,
				B000726F29645BEF009A06E4 /* CollectionViewUITests.xctest */,
			);
			name = Products;
			sourceTree = "<group>";
		};
		B000725129645BEF009A06E4 /* CollectionView */ = {
			isa = PBXGroup;
			children = (
				B000725229645BEF009A06E4 /* AppDelegate.swift */,
				B000725429645BEF009A06E4 /* SceneDelegate.swift */,
				B000728229645DE6009A06E4 /* CategoryViewController.swift */,
				B000728429646128009A06E4 /* ToyCollectionViewCell.swift */,
				B000728529646128009A06E4 /* ToyCollectionViewCell.xib */,
				B000728829646E3F009A06E4 /* FoodItemCollectionViewCell.swift */,
				B000728929646E3F009A06E4 /* FoodItemCollectionViewCell.xib */,
				B000725829645BEF009A06E4 /* Main.storyboard */,
				B000725B29645BEF009A06E4 /* Assets.xcassets */,
				B000725D29645BEF009A06E4 /* LaunchScreen.storyboard */,
				B000726029645BEF009A06E4 /* Info.plist */,
			);
			path = CollectionView;
			sourceTree = "<group>";
		};
		B000726829645BEF009A06E4 /* CollectionViewTests */ = {
			isa = PBXGroup;
			children = (
				B000726929645BEF009A06E4 /* CollectionViewTests.swift */,
			);
			path = CollectionViewTests;
			sourceTree = "<group>";
		};
		B000727229645BEF009A06E4 /* CollectionViewUITests */ = {
			isa = PBXGroup;
			children = (
				B000727329645BEF009A06E4 /* CollectionViewUITests.swift */,
				B000727529645BEF009A06E4 /* CollectionViewUITestsLaunchTests.swift */,
			);
			path = CollectionViewUITests;
			sourceTree = "<group>";
		};
/* End PBXGroup section */

/* Begin PBXNativeTarget section */
		B000724E29645BEF009A06E4 /* CollectionView */ = {
			isa = PBXNativeTarget;
			buildConfigurationList = B000727929645BEF009A06E4 /* Build configuration list for PBXNativeTarget "CollectionView" */;
			buildPhases = (
				B000724B29645BEF009A06E4 /* Sources */,
				B000724C29645BEF009A06E4 /* Frameworks */,
				B000724D29645BEF009A06E4 /* Resources */,
			);
			buildRules = (
			);
			dependencies = (
			);
			name = CollectionView;
			productName = CollectionView;
			productReference = B000724F29645BEF009A06E4 /* CollectionView.app */;
			productType = "com.apple.product-type.application";
		};
		B000726429645BEF009A06E4 /* CollectionViewTests */ = {
			isa = PBXNativeTarget;
			buildConfigurationList = B000727C29645BEF009A06E4 /* Build configuration list for PBXNativeTarget "CollectionViewTests" */;
			buildPhases = (
				B000726129645BEF009A06E4 /* Sources */,
				B000726229645BEF009A06E4 /* Frameworks */,
				B000726329645BEF009A06E4 /* Resources */,
			);
			buildRules = (
			);
			dependencies = (
				B000726729645BEF009A06E4 /* PBXTargetDependency */,
			);
			name = CollectionViewTests;
			productName = CollectionViewTests;
			productReference = B000726529645BEF009A06E4 /* CollectionViewTests.xctest */;
			productType = "com.apple.product-type.bundle.unit-test";
		};
		B000726E29645BEF009A06E4 /* CollectionViewUITests */ = {
			isa = PBXNativeTarget;
			buildConfigurationList = B000727F29645BEF009A06E4 /* Build configuration list for PBXNativeTarget "CollectionViewUITests" */;
			buildPhases = (
				B000726B29645BEF009A06E4 /* Sources */,
				B000726C29645BEF009A06E4 /* Frameworks */,
				B000726D29645BEF009A06E4 /* Resources */,
			);
			buildRules = (
			);
			dependencies = (
				B000727129645BEF009A06E4 /* PBXTargetDependency */,
			);
			name = CollectionViewUITests;
			productName = CollectionViewUITests;
			productReference = B000726F29645BEF009A06E4 /* CollectionViewUITests.xctest */;
			productType = "com.apple.product-type.bundle.ui-testing";
		};
/* End PBXNativeTarget section */

/* Begin PBXProject section */
		B000724729645BEF009A06E4 /* Project object */ = {
			isa = PBXProject;
			attributes = {
				BuildIndependentTargetsInParallel = 1;
				LastSwiftUpdateCheck = 1420;
				LastUpgradeCheck = 1420;
				TargetAttributes = {
					B000724E29645BEF009A06E4 = {
						CreatedOnToolsVersion = 14.2;
					};
					B000726429645BEF009A06E4 = {
						CreatedOnToolsVersion = 14.2;
						TestTargetID = B000724E29645BEF009A06E4;
					};
					B000726E29645BEF009A06E4 = {
						CreatedOnToolsVersion = 14.2;
						TestTargetID = B000724E29645BEF009A06E4;
					};
				};
			};
			buildConfigurationList = B000724A29645BEF009A06E4 /* Build configuration list for PBXProject "CollectionView" */;
			compatibilityVersion = "Xcode 14.0";
			developmentRegion = en;
			hasScannedForEncodings = 0;
			knownRegions = (
				en,
				Base,
			);
			mainGroup = B000724629645BEF009A06E4;
			productRefGroup = B000725029645BEF009A06E4 /* Products */;
			projectDirPath = "";
			projectRoot = "";
			targets = (
				B000724E29645BEF009A06E4 /* CollectionView */,
				B000726429645BEF009A06E4 /* CollectionViewTests */,
				B000726E29645BEF009A06E4 /* CollectionViewUITests */,
			);
		};
/* End PBXProject section */

/* Begin PBXResourcesBuildPhase section */
		B000724D29645BEF009A06E4 /* Resources */ = {
			isa = PBXResourcesBuildPhase;
			buildActionMask = 2147483647;
			files = (
				B000725F29645BEF009A06E4 /* LaunchScreen.storyboard in Resources */,
				B000728729646128009A06E4 /* ToyCollectionViewCell.xib in Resources */,
				B000725C29645BEF009A06E4 /* Assets.xcassets in Resources */,
				B000728B29646E3F009A06E4 /* FoodItemCollectionViewCell.xib in Resources */,
				B000725A29645BEF009A06E4 /* Main.storyboard in Resources */,
			);
			runOnlyForDeploymentPostprocessing = 0;
		};
		B000726329645BEF009A06E4 /* Resources */ = {
			isa = PBXResourcesBuildPhase;
			buildActionMask = 2147483647;
			files = (
			);
			runOnlyForDeploymentPostprocessing = 0;
		};
		B000726D29645BEF009A06E4 /* Resources */ = {
			isa = PBXResourcesBuildPhase;
			buildActionMask = 2147483647;
			files = (
			);
			runOnlyForDeploymentPostprocessing = 0;
		};
/* End PBXResourcesBuildPhase section */

/* Begin PBXSourcesBuildPhase section */
		B000724B29645BEF009A06E4 /* Sources */ = {
			isa = PBXSourcesBuildPhase;
			buildActionMask = 2147483647;
			files = (
				B000728329645DE6009A06E4 /* CategoryViewController.swift in Sources */,
				B000728629646128009A06E4 /* ToyCollectionViewCell.swift in Sources */,
				B000725329645BEF009A06E4 /* AppDelegate.swift in Sources */,
				B000725529645BEF009A06E4 /* SceneDelegate.swift in Sources */,
				B000728A29646E3F009A06E4 /* FoodItemCollectionViewCell.swift in Sources */,
			);
			runOnlyForDeploymentPostprocessing = 0;
		};
		B000726129645BEF009A06E4 /* Sources */ = {
			isa = PBXSourcesBuildPhase;
			buildActionMask = 2147483647;
			files = (
				B000726A29645BEF009A06E4 /* CollectionViewTests.swift in Sources */,
			);
			runOnlyForDeploymentPostprocessing = 0;
		};
		B000726B29645BEF009A06E4 /* Sources */ = {
			isa = PBXSourcesBuildPhase;
			buildActionMask = 2147483647;
			files = (
				B000727429645BEF009A06E4 /* CollectionViewUITests.swift in Sources */,
				B000727629645BEF009A06E4 /* CollectionViewUITestsLaunchTests.swift in Sources */,
			);
			runOnlyForDeploymentPostprocessing = 0;
		};
/* End PBXSourcesBuildPhase section */

/* Begin PBXTargetDependency section */
		B000726729645BEF009A06E4 /* PBXTargetDependency */ = {
			isa = PBXTargetDependency;
			target = B000724E29645BEF009A06E4 /* CollectionView */;
			targetProxy = B000726629645BEF009A06E4 /* PBXContainerItemProxy */;
		};
		B000727129645BEF009A06E4 /* PBXTargetDependency */ = {
			isa = PBXTargetDependency;
			target = B000724E29645BEF009A06E4 /* CollectionView */;
			targetProxy = B000727029645BEF009A06E4 /* PBXContainerItemProxy */;
		};
/* End PBXTargetDependency section */

/* Begin PBXVariantGroup section */
		B000725829645BEF009A06E4 /* Main.storyboard */ = {
			isa = PBXVariantGroup;
			children = (
				B000725929645BEF009A06E4 /* Base */,
			);
			name = Main.storyboard;
			sourceTree = "<group>";
		};
		B000725D29645BEF009A06E4 /* LaunchScreen.storyboard */ = {
			isa = PBXVariantGroup;
			children = (
				B000725E29645BEF009A06E4 /* Base */,
			);
			name = LaunchScreen.storyboard;
			sourceTree = "<group>";
		};
/* End PBXVariantGroup section */

/* Begin XCBuildConfiguration section */
		B000727729645BEF009A06E4 /* Debug */ = {
			isa = XCBuildConfiguration;
			buildSettings = {
				ALWAYS_SEARCH_USER_PATHS = NO;
				CLANG_ANALYZER_NONNULL = YES;
				CLANG_ANALYZER_NUMBER_OBJECT_CONVERSION = YES_AGGRESSIVE;
				CLANG_CXX_LANGUAGE_STANDARD = "gnu++20";
				CLANG_ENABLE_MODULES = YES;
				CLANG_ENABLE_OBJC_ARC = YES;
				CLANG_ENABLE_OBJC_WEAK = YES;
				CLANG_WARN_BLOCK_CAPTURE_AUTORELEASING = YES;
				CLANG_WARN_BOOL_CONVERSION = YES;
				CLANG_WARN_COMMA = YES;
				CLANG_WARN_CONSTANT_CONVERSION = YES;
				CLANG_WARN_DEPRECATED_OBJC_IMPLEMENTATIONS = YES;
				CLANG_WARN_DIRECT_OBJC_ISA_USAGE = YES_ERROR;
				CLANG_WARN_DOCUMENTATION_COMMENTS = YES;
				CLANG_WARN_EMPTY_BODY = YES;
				CLANG_WARN_ENUM_CONVERSION = YES;
				CLANG_WARN_INFINITE_RECURSION = YES;
				CLANG_WARN_INT_CONVERSION = YES;
				CLANG_WARN_NON_LITERAL_NULL_CONVERSION = YES;
				CLANG_WARN_OBJC_IMPLICIT_RETAIN_SELF = YES;
				CLANG_WARN_OBJC_LITERAL_CONVERSION = YES;
				CLANG_WARN_OBJC_ROOT_CLASS = YES_ERROR;
				CLANG_WARN_QUOTED_INCLUDE_IN_FRAMEWORK_HEADER = YES;
				CLANG_WARN_RANGE_LOOP_ANALYSIS = YES;
				CLANG_WARN_STRICT_PROTOTYPES = YES;
				CLANG_WARN_SUSPICIOUS_MOVE = YES;
				CLANG_WARN_UNGUARDED_AVAILABILITY = YES_AGGRESSIVE;
				CLANG_WARN_UNREACHABLE_CODE = YES;
				CLANG_WARN__DUPLICATE_METHOD_MATCH = YES;
				COPY_PHASE_STRIP = NO;
				DEBUG_INFORMATION_FORMAT = dwarf;
				ENABLE_STRICT_OBJC_MSGSEND = YES;
				ENABLE_TESTABILITY = YES;
				GCC_C_LANGUAGE_STANDARD = gnu11;
				GCC_DYNAMIC_NO_PIC = NO;
				GCC_NO_COMMON_BLOCKS = YES;
				GCC_OPTIMIZATION_LEVEL = 0;
				GCC_PREPROCESSOR_DEFINITIONS = (
					"DEBUG=1",
					"$(inherited)",
				);
				GCC_WARN_64_TO_32_BIT_CONVERSION = YES;
				GCC_WARN_ABOUT_RETURN_TYPE = YES_ERROR;
				GCC_WARN_UNDECLARED_SELECTOR = YES;
				GCC_WARN_UNINITIALIZED_AUTOS = YES_AGGRESSIVE;
				GCC_WARN_UNUSED_FUNCTION = YES;
				GCC_WARN_UNUSED_VARIABLE = YES;
				IPHONEOS_DEPLOYMENT_TARGET = 16.2;
				MTL_ENABLE_DEBUG_INFO = INCLUDE_SOURCE;
				MTL_FAST_MATH = YES;
				ONLY_ACTIVE_ARCH = YES;
				SDKROOT = iphoneos;
				SWIFT_ACTIVE_COMPILATION_CONDITIONS = DEBUG;
				SWIFT_OPTIMIZATION_LEVEL = "-Onone";
			};
			name = Debug;
		};
		B000727829645BEF009A06E4 /* Release */ = {
			isa = XCBuildConfiguration;
			buildSettings = {
				ALWAYS_SEARCH_USER_PATHS = NO;
				CLANG_ANALYZER_NONNULL = YES;
				CLANG_ANALYZER_NUMBER_OBJECT_CONVERSION = YES_AGGRESSIVE;
				CLANG_CXX_LANGUAGE_STANDARD = "gnu++20";
				CLANG_ENABLE_MODULES = YES;
				CLANG_ENABLE_OBJC_ARC = YES;
				CLANG_ENABLE_OBJC_WEAK = YES;
				CLANG_WARN_BLOCK_CAPTURE_AUTORELEASING = YES;
				CLANG_WARN_BOOL_CONVERSION = YES;
				CLANG_WARN_COMMA = YES;
				CLANG_WARN_CONSTANT_CONVERSION = YES;
				CLANG_WARN_DEPRECATED_OBJC_IMPLEMENTATIONS = YES;
				CLANG_WARN_DIRECT_OBJC_ISA_USAGE = YES_ERROR;
				CLANG_WARN_DOCUMENTATION_COMMENTS = YES;
				CLANG_WARN_EMPTY_BODY = YES;
				CLANG_WARN_ENUM_CONVERSION = YES;
				CLANG_WARN_INFINITE_RECURSION = YES;
				CLANG_WARN_INT_CONVERSION = YES;
				CLANG_WARN_NON_LITERAL_NULL_CONVERSION = YES;
				CLANG_WARN_OBJC_IMPLICIT_RETAIN_SELF = YES;
				CLANG_WARN_OBJC_LITERAL_CONVERSION = YES;
				CLANG_WARN_OBJC_ROOT_CLASS = YES_ERROR;
				CLANG_WARN_QUOTED_INCLUDE_IN_FRAMEWORK_HEADER = YES;
				CLANG_WARN_RANGE_LOOP_ANALYSIS = YES;
				CLANG_WARN_STRICT_PROTOTYPES = YES;
				CLANG_WARN_SUSPICIOUS_MOVE = YES;
				CLANG_WARN_UNGUARDED_AVAILABILITY = YES_AGGRESSIVE;
				CLANG_WARN_UNREACHABLE_CODE = YES;
				CLANG_WARN__DUPLICATE_METHOD_MATCH = YES;
				COPY_PHASE_STRIP = NO;
				DEBUG_INFORMATION_FORMAT = "dwarf-with-dsym";
				ENABLE_NS_ASSERTIONS = NO;
				ENABLE_STRICT_OBJC_MSGSEND = YES;
				GCC_C_LANGUAGE_STANDARD = gnu11;
				GCC_NO_COMMON_BLOCKS = YES;
				GCC_WARN_64_TO_32_BIT_CONVERSION = YES;
				GCC_WARN_ABOUT_RETURN_TYPE = YES_ERROR;
				GCC_WARN_UNDECLARED_SELECTOR = YES;
				GCC_WARN_UNINITIALIZED_AUTOS = YES_AGGRESSIVE;
				GCC_WARN_UNUSED_FUNCTION = YES;
				GCC_WARN_UNUSED_VARIABLE = YES;
				IPHONEOS_DEPLOYMENT_TARGET = 16.2;
				MTL_ENABLE_DEBUG_INFO = NO;
				MTL_FAST_MATH = YES;
				SDKROOT = iphoneos;
				SWIFT_COMPILATION_MODE = wholemodule;
				SWIFT_OPTIMIZATION_LEVEL = "-O";
				VALIDATE_PRODUCT = YES;
			};
			name = Release;
		};
		B000727A29645BEF009A06E4 /* Debug */ = {
			isa = XCBuildConfiguration;
			buildSettings = {
				ASSETCATALOG_COMPILER_APPICON_NAME = AppIcon;
				ASSETCATALOG_COMPILER_GLOBAL_ACCENT_COLOR_NAME = AccentColor;
				CODE_SIGN_STYLE = Automatic;
				CURRENT_PROJECT_VERSION = 1;
				GENERATE_INFOPLIST_FILE = YES;
				INFOPLIST_FILE = CollectionView/Info.plist;
				INFOPLIST_KEY_UIApplicationSupportsIndirectInputEvents = YES;
				INFOPLIST_KEY_UILaunchStoryboardName = LaunchScreen;
				INFOPLIST_KEY_UIMainStoryboardFile = Main;
				INFOPLIST_KEY_UISupportedInterfaceOrientations_iPad = "UIInterfaceOrientationPortrait UIInterfaceOrientationPortraitUpsideDown UIInterfaceOrientationLandscapeLeft UIInterfaceOrientationLandscapeRight";
				INFOPLIST_KEY_UISupportedInterfaceOrientations_iPhone = "UIInterfaceOrientationPortrait UIInterfaceOrientationLandscapeLeft UIInterfaceOrientationLandscapeRight";
				LD_RUNPATH_SEARCH_PATHS = (
					"$(inherited)",
					"@executable_path/Frameworks",
				);
				MARKETING_VERSION = 1.0;
				PRODUCT_BUNDLE_IDENTIFIER = rnw.com.CollectionView;
				PRODUCT_NAME = "$(TARGET_NAME)";
				SWIFT_EMIT_LOC_STRINGS = YES;
				SWIFT_VERSION = 5.0;
				TARGETED_DEVICE_FAMILY = "1,2";
			};
			name = Debug;
		};
		B000727B29645BEF009A06E4 /* Release */ = {
			isa = XCBuildConfiguration;
			buildSettings = {
				ASSETCATALOG_COMPILER_APPICON_NAME = AppIcon;
				ASSETCATALOG_COMPILER_GLOBAL_ACCENT_COLOR_NAME = AccentColor;
				CODE_SIGN_STYLE = Automatic;
				CURRENT_PROJECT_VERSION = 1;
				GENERATE_INFOPLIST_FILE = YES;
				INFOPLIST_FILE = CollectionView/Info.plist;
				INFOPLIST_KEY_UIApplicationSupportsIndirectInputEvents = YES;
				INFOPLIST_KEY_UILaunchStoryboardName = LaunchScreen;
				INFOPLIST_KEY_UIMainStoryboardFile = Main;
				INFOPLIST_KEY_UISupportedInterfaceOrientations_iPad = "UIInterfaceOrientationPortrait UIInterfaceOrientationPortraitUpsideDown UIInterfaceOrientationLandscapeLeft UIInterfaceOrientationLandscapeRight";
				INFOPLIST_KEY_UISupportedInterfaceOrientations_iPhone = "UIInterfaceOrientationPortrait UIInterfaceOrientationLandscapeLeft UIInterfaceOrientationLandscapeRight";
				LD_RUNPATH_SEARCH_PATHS = (
					"$(inherited)",
					"@executable_path/Frameworks",
				);
				MARKETING_VERSION = 1.0;
				PRODUCT_BUNDLE_IDENTIFIER = rnw.com.CollectionView;
				PRODUCT_NAME = "$(TARGET_NAME)";
				SWIFT_EMIT_LOC_STRINGS = YES;
				SWIFT_VERSION = 5.0;
				TARGETED_DEVICE_FAMILY = "1,2";
			};
			name = Release;
		};
		B000727D29645BEF009A06E4 /* Debug */ = {
			isa = XCBuildConfiguration;
			buildSettings = {
				ALWAYS_EMBED_SWIFT_STANDARD_LIBRARIES = YES;
				BUNDLE_LOADER = "$(TEST_HOST)";
				CODE_SIGN_STYLE = Automatic;
				CURRENT_PROJECT_VERSION = 1;
				GENERATE_INFOPLIST_FILE = YES;
				IPHONEOS_DEPLOYMENT_TARGET = 16.2;
				MARKETING_VERSION = 1.0;
				PRODUCT_BUNDLE_IDENTIFIER = rnw.com.CollectionViewTests;
				PRODUCT_NAME = "$(TARGET_NAME)";
				SWIFT_EMIT_LOC_STRINGS = NO;
				SWIFT_VERSION = 5.0;
				TARGETED_DEVICE_FAMILY = "1,2";
				TEST_HOST = "$(BUILT_PRODUCTS_DIR)/CollectionView.app/$(BUNDLE_EXECUTABLE_FOLDER_PATH)/CollectionView";
			};
			name = Debug;
		};
		B000727E29645BEF009A06E4 /* Release */ = {
			isa = XCBuildConfiguration;
			buildSettings = {
				ALWAYS_EMBED_SWIFT_STANDARD_LIBRARIES = YES;
				BUNDLE_LOADER = "$(TEST_HOST)";
				CODE_SIGN_STYLE = Automatic;
				CURRENT_PROJECT_VERSION = 1;
				GENERATE_INFOPLIST_FILE = YES;
				IPHONEOS_DEPLOYMENT_TARGET = 16.2;
				MARKETING_VERSION = 1.0;
				PRODUCT_BUNDLE_IDENTIFIER = rnw.com.CollectionViewTests;
				PRODUCT_NAME = "$(TARGET_NAME)";
				SWIFT_EMIT_LOC_STRINGS = NO;
				SWIFT_VERSION = 5.0;
				TARGETED_DEVICE_FAMILY = "1,2";
				TEST_HOST = "$(BUILT_PRODUCTS_DIR)/CollectionView.app/$(BUNDLE_EXECUTABLE_FOLDER_PATH)/CollectionView";
			};
			name = Release;
		};
		B000728029645BEF009A06E4 /* Debug */ = {
			isa = XCBuildConfiguration;
			buildSettings = {
				ALWAYS_EMBED_SWIFT_STANDARD_LIBRARIES = YES;
				CODE_SIGN_STYLE = Automatic;
				CURRENT_PROJECT_VERSION = 1;
				GENERATE_INFOPLIST_FILE = YES;
				MARKETING_VERSION = 1.0;
				PRODUCT_BUNDLE_IDENTIFIER = rnw.com.CollectionViewUITests;
				PRODUCT_NAME = "$(TARGET_NAME)";
				SWIFT_EMIT_LOC_STRINGS = NO;
				SWIFT_VERSION = 5.0;
				TARGETED_DEVICE_FAMILY = "1,2";
				TEST_TARGET_NAME = CollectionView;
			};
			name = Debug;
		};
		B000728129645BEF009A06E4 /* Release */ = {
			isa = XCBuildConfiguration;
			buildSettings = {
				ALWAYS_EMBED_SWIFT_STANDARD_LIBRARIES = YES;
				CODE_SIGN_STYLE = Automatic;
				CURRENT_PROJECT_VERSION = 1;
				GENERATE_INFOPLIST_FILE = YES;
				MARKETING_VERSION = 1.0;
				PRODUCT_BUNDLE_IDENTIFIER = rnw.com.CollectionViewUITests;
				PRODUCT_NAME = "$(TARGET_NAME)";
				SWIFT_EMIT_LOC_STRINGS = NO;
				SWIFT_VERSION = 5.0;
				TARGETED_DEVICE_FAMILY = "1,2";
				TEST_TARGET_NAME = CollectionView;
			};
			name = Release;
		};
/* End XCBuildConfiguration section */

/* Begin XCConfigurationList section */
		B000724A29645BEF009A06E4 /* Build configuration list for PBXProject "CollectionView" */ = {
			isa = XCConfigurationList;
			buildConfigurations = (
				B000727729645BEF009A06E4 /* Debug */,
				B000727829645BEF009A06E4 /* Release */,
			);
			defaultConfigurationIsVisible = 0;
			defaultConfigurationName = Release;
		};
		B000727929645BEF009A06E4 /* Build configuration list for PBXNativeTarget "CollectionView" */ = {
			isa = XCConfigurationList;
			buildConfigurations = (
				B000727A29645BEF009A06E4 /* Debug */,
				B000727B29645BEF009A06E4 /* Release */,
			);
			defaultConfigurationIsVisible = 0;
			defaultConfigurationName = Release;
		};
		B000727C29645BEF009A06E4 /* Build configuration list for PBXNativeTarget "CollectionViewTests" */ = {
			isa = XCConfigurationList;
			buildConfigurations = (
				B000727D29645BEF009A06E4 /* Debug */,
				B000727E29645BEF009A06E4 /* Release */,
			);
			defaultConfigurationIsVisible = 0;
			defaultConfigurationName = Release;
		};
		B000727F29645BEF009A06E4 /* Build configuration list for PBXNativeTarget "CollectionViewUITests" */ = {
			isa = XCConfigurationList;
			buildConfigurations = (
				B000728029645BEF009A06E4 /* Debug */,
				B000728129645BEF009A06E4 /* Release */,
			);
			defaultConfigurationIsVisible = 0;
			defaultConfigurationName = Release;
		};
/* End XCConfigurationList section */
	};
	rootObject = B000724729645BEF009A06E4 /* Project object */;
}
